// !$*UTF8*$!
{
	archiveVersion = 1;
	classes = {
	};
	objectVersion = 77;
	objects = {

/* Begin PBXBuildFile section */
		752499A12F54D405005FD2E0 /* SnapKit in Frameworks */ = {isa = PBXBuildFile; productRef = 752499A02F54D405005FD2E0 /* SnapKit */; };
/* End PBXBuildFile section */

/* Begin PBXContainerItemProxy section */
		752499822F54D338005FD2E0 /* PBXContainerItemProxy */ = {
			isa = PBXContainerItemProxy;
			containerPortal = 752499632F54D335005FD2E0 /* Project object */;
			proxyType = 1;
			remoteGlobalIDString = 7524996A2F54D335005FD2E0;
			remoteInfo = TradernetTestTask;
		};
		7524998C2F54D338005FD2E0 /* PBXContainerItemProxy */ = {
			isa = PBXContainerItemProxy;
			containerPortal = 752499632F54D335005FD2E0 /* Project object */;
			proxyType = 1;
			remoteGlobalIDString = 7524996A2F54D335005FD2E0;
			remoteInfo = TradernetTestTask;
		};
/* End PBXContainerItemProxy section */

/* Begin PBXFileReference section */
		7524996B2F54D335005FD2E0 /* TradernetTestTask.app */ = {isa = PBXFileReference; explicitFileType = wrapper.application; includeInIndex = 0; path = TradernetTestTask.app; sourceTree = BUILT_PRODUCTS_DIR; };
		752499812F54D338005FD2E0 /* TradernetTestTaskTests.xctest */ = {isa = PBXFileReference; explicitFileType = wrapper.cfbundle; includeInIndex = 0; path = TradernetTestTaskTests.xctest; sourceTree = BUILT_PRODUCTS_DIR; };
		7524998B2F54D338005FD2E0 /* TradernetTestTaskUITests.xctest */ = {isa = PBXFileReference; explicitFileType = wrapper.cfbundle; includeInIndex = 0; path = TradernetTestTaskUITests.xctest; sourceTree = BUILT_PRODUCTS_DIR; };
/* End PBXFileReference section */

/* Begin PBXFileSystemSynchronizedBuildFileExceptionSet section */
		752499932F54D338005FD2E0 /* Exceptions for "TradernetTestTask" folder in "TradernetTestTask" target */ = {
			isa = PBXFileSystemSynchronizedBuildFileExceptionSet;
			membershipExceptions = (
				Info.plist,
			);
			target = 7524996A2F54D335005FD2E0 /* TradernetTestTask */;
		};
/* End PBXFileSystemSynchronizedBuildFileExceptionSet section */

/* Begin PBXFileSystemSynchronizedRootGroup section */
		7524996D2F54D335005FD2E0 /* TradernetTestTask */ = {
			isa = PBXFileSystemSynchronizedRootGroup;
			exceptions = (
				752499932F54D338005FD2E0 /* Exceptions for "TradernetTestTask" folder in "TradernetTestTask" target */,
			);
			path = TradernetTestTask;
			sourceTree = "<group>";
		};
		752499842F54D338005FD2E0 /* TradernetTestTaskTests */ = {
			isa = PBXFileSystemSynchronizedRootGroup;
			path = TradernetTestTaskTests;
			sourceTree = "<group>";
		};
/* End PBXFileSystemSynchronizedRootGroup section */

/* Begin PBXFrameworksBuildPhase section */
		752499682F54D335005FD2E0 /* Frameworks */ = {
			isa = PBXFrameworksBuildPhase;
			buildActionMask = 2147483647;
			files = (
				752499A12F54D405005FD2E0 /* SnapKit in Frameworks */,
			);
			runOnlyForDeploymentPostprocessing = 0;
		};
		7524997E2F54D338005FD2E0 /* Frameworks */ = {
			isa = PBXFrameworksBuildPhase;
			buildActionMask = 2147483647;
			files = (
			);
			runOnlyForDeploymentPostprocessing = 0;
		};
		752499882F54D338005FD2E0 /* Frameworks */ = {
			isa = PBXFrameworksBuildPhase;
			buildActionMask = 2147483647;
			files = (
			);
			runOnlyForDeploymentPostprocessing = 0;
		};
/* End PBXFrameworksBuildPhase section */

/* Begin PBXGroup section */
		752499622F54D335005FD2E0 = {
			isa = PBXGroup;
			children = (
				7524996D2F54D335005FD2E0 /* TradernetTestTask */,
				752499842F54D338005FD2E0 /* TradernetTestTaskTests */,
				7524996C2F54D335005FD2E0 /* Products */,
			);
			sourceTree = "<group>";
		};
		7524996C2F54D335005FD2E0 /* Products */ = {
			isa = PBXGroup;
			children = (
				7524996B2F54D335005FD2E0 /* TradernetTestTask.app */,
				752499812F54D338005FD2E0 /* TradernetTestTaskTests.xctest */,
				7524998B2F54D338005FD2E0 /* TradernetTestTaskUITests.xctest */,
			);
			name = Products;
			sourceTree = "<group>";
		};
/* End PBXGroup section */

/* Begin PBXNativeTarget section */
		7524996A2F54D335005FD2E0 /* TradernetTestTask */ = {
			isa = PBXNativeTarget;
			buildConfigurationList = 752499942F54D338005FD2E0 /* Build configuration list for PBXNativeTarget "TradernetTestTask" */;
			buildPhases = (
				752499672F54D335005FD2E0 /* Sources */,
				752499682F54D335005FD2E0 /* Frameworks */,
				752499692F54D335005FD2E0 /* Resources */,
			);
			buildRules = (
			);
			dependencies = (
			);
			fileSystemSynchronizedGroups = (
				7524996D2F54D335005FD2E0 /* TradernetTestTask */,
			);
			name = TradernetTestTask;
			packageProductDependencies = (
				752499A02F54D405005FD2E0 /* SnapKit */,
			);
			productName = TradernetTestTask;
			productReference = 7524996B2F54D335005FD2E0 /* TradernetTestTask.app */;
			productType = "com.apple.product-type.application";
		};
		752499802F54D338005FD2E0 /* TradernetTestTaskTests */ = {
			isa = PBXNativeTarget;
			buildConfigurationList = 752499992F54D338005FD2E0 /* Build configuration list for PBXNativeTarget "TradernetTestTaskTests" */;
			buildPhases = (
				7524997D2F54D338005FD2E0 /* Sources */,
				7524997E2F54D338005FD2E0 /* Frameworks */,
				7524997F2F54D338005FD2E0 /* Resources */,
			);
			buildRules = (
			);
			dependencies = (
				752499832F54D338005FD2E0 /* PBXTargetDependency */,
			);
			fileSystemSynchronizedGroups = (
				752499842F54D338005FD2E0 /* TradernetTestTaskTests */,
			);
			name = TradernetTestTaskTests;
			packageProductDependencies = (
			);
			productName = TradernetTestTaskTests;
			productReference = 752499812F54D338005FD2E0 /* TradernetTestTaskTests.xctest */;
			productType = "com.apple.product-type.bundle.unit-test";
		};
		7524998A2F54D338005FD2E0 /* TradernetTestTaskUITests */ = {
			isa = PBXNativeTarget;
			buildConfigurationList = 7524999C2F54D338005FD2E0 /* Build configuration list for PBXNativeTarget "TradernetTestTaskUITests" */;
			buildPhases = (
				752499872F54D338005FD2E0 /* Sources */,
				752499882F54D338005FD2E0 /* Frameworks */,
				752499892F54D338005FD2E0 /* Resources */,
			);
			buildRules = (
			);
			dependencies = (
				7524998D2F54D338005FD2E0 /* PBXTargetDependency */,
			);
			name = TradernetTestTaskUITests;
			packageProductDependencies = (
			);
			productName = TradernetTestTaskUITests;
			productReference = 7524998B2F54D338005FD2E0 /* TradernetTestTaskUITests.xctest */;
			productType = "com.apple.product-type.bundle.ui-testing";
		};
/* End PBXNativeTarget section */

/* Begin PBXProject section */
		752499632F54D335005FD2E0 /* Project object */ = {
			isa = PBXProject;
			attributes = {
				BuildIndependentTargetsInParallel = 1;
				LastSwiftUpdateCheck = 1640;
				LastUpgradeCheck = 1640;
				TargetAttributes = {
					7524996A2F54D335005FD2E0 = {
						CreatedOnToolsVersion = 16.4;
					};
					752499802F54D338005FD2E0 = {
						CreatedOnToolsVersion = 16.4;
						TestTargetID = 7524996A2F54D335005FD2E0;
					};
					7524998A2F54D338005FD2E0 = {
						CreatedOnToolsVersion = 16.4;
						TestTargetID = 7524996A2F54D335005FD2E0;
					};
				};
			};
			buildConfigurationList = 752499662F54D335005FD2E0 /* Build configuration list for PBXProject "TradernetTestTask" */;
			developmentRegion = en;
			hasScannedForEncodings = 0;
			knownRegions = (
				en,
				Base,
			);
			mainGroup = 752499622F54D335005FD2E0;
			minimizedProjectReferenceProxies = 1;
			packageReferences = (
				7524999F2F54D405005FD2E0 /* XCRemoteSwiftPackageReference "SnapKit" */,
			);
			preferredProjectObjectVersion = 77;
			productRefGroup = 7524996C2F54D335005FD2E0 /* Products */;
			projectDirPath = "";
			projectRoot = "";
			targets = (
				7524996A2F54D335005FD2E0 /* TradernetTestTask */,
				752499802F54D338005FD2E0 /* TradernetTestTaskTests */,
				7524998A2F54D338005FD2E0 /* TradernetTestTaskUITests */,
			);
		};
/* End PBXProject section */

/* Begin PBXResourcesBuildPhase section */
		752499692F54D335005FD2E0 /* Resources */ = {
			isa = PBXResourcesBuildPhase;
			buildActionMask = 2147483647;
			files = (
			);
			runOnlyForDeploymentPostprocessing = 0;
		};
		7524997F2F54D338005FD2E0 /* Resources */ = {
			isa = PBXResourcesBuildPhase;
			buildActionMask = 2147483647;
			files = (
			);
			runOnlyForDeploymentPostprocessing = 0;
		};
		752499892F54D338005FD2E0 /* Resources */ = {
			isa = PBXResourcesBuildPhase;
			buildActionMask = 2147483647;
			files = (
			);
			runOnlyForDeploymentPostprocessing = 0;
		};
/* End PBXResourcesBuildPhase section */

/* Begin PBXSourcesBuildPhase section */
		752499672F54D335005FD2E0 /* Sources */ = {
			isa = PBXSourcesBuildPhase;
			buildActionMask = 2147483647;
			files = (
			);
			runOnlyForDeploymentPostprocessing = 0;
		};
		7524997D2F54D338005FD2E0 /* Sources */ = {
			isa = PBXSourcesBuildPhase;
			buildActionMask = 2147483647;
			files = (
			);
			runOnlyForDeploymentPostprocessing = 0;
		};
		752499872F54D338005FD2E0 /* Sources */ = {
			isa = PBXSourcesBuildPhase;
			buildActionMask = 2147483647;
			files = (
			);
			runOnlyForDeploymentPostprocessing = 0;
		};
/* End PBXSourcesBuildPhase section */

/* Begin PBXTargetDependency section */
		752499832F54D338005FD2E0 /* PBXTargetDependency */ = {
			isa = PBXTargetDependency;
			target = 7524996A2F54D335005FD2E0 /* TradernetTestTask */;
			targetProxy = 752499822F54D338005FD2E0 /* PBXContainerItemProxy */;
		};
		7524998D2F54D338005FD2E0 /* PBXTargetDependency */ = {
			isa = PBXTargetDependency;
			target = 7524996A2F54D335005FD2E0 /* TradernetTestTask */;
			targetProxy = 7524998C2F54D338005FD2E0 /* PBXContainerItemProxy */;
		};
/* End PBXTargetDependency section */

/* Begin XCBuildConfiguration section */
		752499952F54D338005FD2E0 /* Debug */ = {
			isa = XCBuildConfiguration;
			buildSettings = {
				ASSETCATALOG_COMPILER_APPICON_NAME = AppIcon;
				ASSETCATALOG_COMPILER_GLOBAL_ACCENT_COLOR_NAME = AccentColor;
				CODE_SIGN_STYLE = Automatic;
				CURRENT_PROJECT_VERSION = 1;
				GENERATE_INFOPLIST_FILE = YES;
				INFOPLIST_FILE = TradernetTestTask/Info.plist;
				INFOPLIST_KEY_UIApplicationSupportsIndirectInputEvents = YES;
				INFOPLIST_KEY_UISupportedInterfaceOrientations_iPhone = UIInterfaceOrientationPortrait;
				IPHONEOS_DEPLOYMENT_TARGET = 15.0;
				LD_RUNPATH_SEARCH_PATHS = (
					"$(inherited)",
					"@executable_path/Frameworks",
				);
				MARKETING_VERSION = 1.0;
				PRODUCT_BUNDLE_IDENTIFIER = com.yourcompany.TradernetTestTask;
				PRODUCT_NAME = "$(TARGET_NAME)";
				SWIFT_EMIT_LOC_STRINGS = YES;
				SWIFT_VERSION = 5.0;
				TARGETED_DEVICE_FAMILY = "1,2";
			};
			name = Debug;
		};
		752499962F54D338005FD2E0 /* Release */ = {
			isa = XCBuildConfiguration;
			buildSettings = {
				ASSETCATALOG_COMPILER_APPICON_NAME = AppIcon;
				ASSETCATALOG_COMPILER_GLOBAL_ACCENT_COLOR_NAME = AccentColor;
				CODE_SIGN_STYLE = Automatic;
				CURRENT_PROJECT_VERSION = 1;
				GENERATE_INFOPLIST_FILE = YES;
				INFOPLIST_FILE = TradernetTestTask/Info.plist;
				INFOPLIST_KEY_UIApplicationSupportsIndirectInputEvents = YES;
				INFOPLIST_KEY_UISupportedInterfaceOrientations_iPhone = UIInterfaceOrientationPortrait;
				IPHONEOS_DEPLOYMENT_TARGET = 15.0;
				LD_RUNPATH_SEARCH_PATHS = (
					"$(inherited)",
					"@executable_path/Frameworks",
				);
				MARKETING_VERSION = 1.0;
				PRODUCT_BUNDLE_IDENTIFIER = com.yourcompany.TradernetTestTask;
				PRODUCT_NAME = "$(TARGET_NAME)";
				SWIFT_EMIT_LOC_STRINGS = YES;
				SWIFT_VERSION = 5.0;
				TARGETED_DEVICE_FAMILY = "1,2";
			};
			name = Release;
		};
		752499972F54D338005FD2E0 /* Debug */ = {
			isa = XCBuildConfiguration;
			buildSettings = {
				ALWAYS_SEARCH_USER_PATHS = NO;
				ASSETCATALOG_COMPILER_GENERATE_SWIFT_ASSET_SYMBOL_EXTENSIONS = YES;
				CLANG_ANALYZER_NONNULL = YES;
				CLANG_ANALYZER_NUMBER_OBJECT_CONVERSION = YES_AGGRESSIVE;
				CLANG_CXX_LANGUAGE_STANDARD = "gnu++20";
				CLANG_ENABLE_MODULES = YES;
				CLANG_ENABLE_OBJC_ARC = YES;
				CLANG_ENABLE_OBJC_WEAK = YES;
				CLANG_WARN_BLOCK_CAPTURE_AUTORELEASING = YES;
				CLANG_WARN_BOOL_CONVERSION = YES;
				CLANG_WARN_COMMA = YES;
				CLANG_WARN_CONSTANT_CONVERSION = YES;
				CLANG_WARN_DEPRECATED_OBJC_IMPLEMENTATIONS = YES;
				CLANG_WARN_DIRECT_OBJC_ISA_USAGE = YES_ERROR;
				CLANG_WARN_DOCUMENTATION_COMMENTS = YES;
				CLANG_WARN_EMPTY_BODY = YES;
				CLANG_WARN_ENUM_CONVERSION = YES;
				CLANG_WARN_INFINITE_RECURSION = YES;
				CLANG_WARN_INT_CONVERSION = YES;
				CLANG_WARN_NON_LITERAL_NULL_CONVERSION = YES;
				CLANG_WARN_OBJC_IMPLICIT_RETAIN_SELF = YES;
				CLANG_WARN_OBJC_LITERAL_CONVERSION = YES;
				CLANG_WARN_OBJC_ROOT_CLASS = YES_ERROR;
				CLANG_WARN_QUOTED_INCLUDE_IN_FRAMEWORK_HEADER = YES;
				CLANG_WARN_RANGE_LOOP_ANALYSIS = YES;
				CLANG_WARN_STRICT_PROTOTYPES = YES;
				CLANG_WARN_SUSPICIOUS_MOVE = YES;
				CLANG_WARN_UNGUARDED_AVAILABILITY = YES_AGGRESSIVE;
				CLANG_WARN_UNREACHABLE_CODE = YES;
				CLANG_WARN__DUPLICATE_METHOD_MATCH = YES;
				COPY_PHASE_STRIP = NO;
				DEBUG_INFORMATION_FORMAT = dwarf;
				ENABLE_STRICT_OBJC_MSGSEND = YES;
				ENABLE_TESTABILITY = YES;
				ENABLE_USER_SCRIPT_SANDBOXING = YES;
				GCC_C_LANGUAGE_STANDARD = gnu17;
				GCC_DYNAMIC_NO_PIC = NO;
				GCC_NO_COMMON_BLOCKS = YES;
				GCC_OPTIMIZATION_LEVEL = 0;
				GCC_PREPROCESSOR_DEFINITIONS = (
					"DEBUG=1",
					"$(inherited)",
				);
				GCC_WARN_64_TO_32_BIT_CONVERSION = YES;
				GCC_WARN_ABOUT_RETURN_TYPE = YES_ERROR;
				GCC_WARN_UNDECLARED_SELECTOR = YES;
				GCC_WARN_UNINITIALIZED_AUTOS = YES_AGGRESSIVE;
				GCC_WARN_UNUSED_FUNCTION = YES;
				GCC_WARN_UNUSED_VARIABLE = YES;
				IPHONEOS_DEPLOYMENT_TARGET = 15.0;
				LOCALIZATION_PREFERS_STRING_CATALOGS = YES;
				MTL_ENABLE_DEBUG_INFO = INCLUDE_SOURCE;
				MTL_FAST_MATH = YES;
				ONLY_ACTIVE_ARCH = YES;
				SDKROOT = iphoneos;
				SWIFT_ACTIVE_COMPILATION_CONDITIONS = "DEBUG $(inherited)";
				SWIFT_OPTIMIZATION_LEVEL = "-Onone";
			};
			name = Debug;
		};
		752499982F54D338005FD2E0 /* Release */ = {
			isa = XCBuildConfiguration;
			buildSettings = {
				ALWAYS_SEARCH_USER_PATHS = NO;
				ASSETCATALOG_COMPILER_GENERATE_SWIFT_ASSET_SYMBOL_EXTENSIONS = YES;
				CLANG_ANALYZER_NONNULL = YES;
				CLANG_ANALYZER_NUMBER_OBJECT_CONVERSION = YES_AGGRESSIVE;
				CLANG_CXX_LANGUAGE_STANDARD = "gnu++20";
				CLANG_ENABLE_MODULES = YES;
				CLANG_ENABLE_OBJC_ARC = YES;
				CLANG_ENABLE_OBJC_WEAK = YES;
				CLANG_WARN_BLOCK_CAPTURE_AUTORELEASING = YES;
				CLANG_WARN_BOOL_CONVERSION = YES;
				CLANG_WARN_COMMA = YES;
				CLANG_WARN_CONSTANT_CONVERSION = YES;
				CLANG_WARN_DEPRECATED_OBJC_IMPLEMENTATIONS = YES;
				CLANG_WARN_DIRECT_OBJC_ISA_USAGE = YES_ERROR;
				CLANG_WARN_DOCUMENTATION_COMMENTS = YES;
				CLANG_WARN_EMPTY_BODY = YES;
				CLANG_WARN_ENUM_CONVERSION = YES;
				CLANG_WARN_INFINITE_RECURSION = YES;
				CLANG_WARN_INT_CONVERSION = YES;
				CLANG_WARN_NON_LITERAL_NULL_CONVERSION = YES;
				CLANG_WARN_OBJC_IMPLICIT_RETAIN_SELF = YES;
				CLANG_WARN_OBJC_LITERAL_CONVERSION = YES;
				CLANG_WARN_OBJC_ROOT_CLASS = YES_ERROR;
				CLANG_WARN_QUOTED_INCLUDE_IN_FRAMEWORK_HEADER = YES;
				CLANG_WARN_RANGE_LOOP_ANALYSIS = YES;
				CLANG_WARN_STRICT_PROTOTYPES = YES;
				CLANG_WARN_SUSPICIOUS_MOVE = YES;
				CLANG_WARN_UNGUARDED_AVAILABILITY = YES_AGGRESSIVE;
				CLANG_WARN_UNREACHABLE_CODE = YES;
				CLANG_WARN__DUPLICATE_METHOD_MATCH = YES;
				COPY_PHASE_STRIP = NO;
				DEBUG_INFORMATION_FORMAT = "dwarf-with-dsym";
				ENABLE_NS_ASSERTIONS = NO;
				ENABLE_STRICT_OBJC_MSGSEND = YES;
				ENABLE_USER_SCRIPT_SANDBOXING = YES;
				GCC_C_LANGUAGE_STANDARD = gnu17;
				GCC_NO_COMMON_BLOCKS = YES;
				GCC_WARN_64_TO_32_BIT_CONVERSION = YES;
				GCC_WARN_ABOUT_RETURN_TYPE = YES_ERROR;
				GCC_WARN_UNDECLARED_SELECTOR = YES;
				GCC_WARN_UNINITIALIZED_AUTOS = YES_AGGRESSIVE;
				GCC_WARN_UNUSED_FUNCTION = YES;
				GCC_WARN_UNUSED_VARIABLE = YES;
				IPHONEOS_DEPLOYMENT_TARGET = 15.0;
				LOCALIZATION_PREFERS_STRING_CATALOGS = YES;
				MTL_ENABLE_DEBUG_INFO = NO;
				MTL_FAST_MATH = YES;
				SDKROOT = iphoneos;
				SWIFT_COMPILATION_MODE = wholemodule;
				VALIDATE_PRODUCT = YES;
			};
			name = Release;
		};
		7524999A2F54D338005FD2E0 /* Debug */ = {
			isa = XCBuildConfiguration;
			buildSettings = {
				BUNDLE_LOADER = "$(TEST_HOST)";
				CODE_SIGN_STYLE = Automatic;
				CURRENT_PROJECT_VERSION = 1;
				GENERATE_INFOPLIST_FILE = YES;
				IPHONEOS_DEPLOYMENT_TARGET = 15.0;
				MARKETING_VERSION = 1.0;
				PRODUCT_BUNDLE_IDENTIFIER = com.yourcompany.TradernetTestTaskTests;
				PRODUCT_NAME = "$(TARGET_NAME)";
				SWIFT_EMIT_LOC_STRINGS = NO;
				SWIFT_VERSION = 5.0;
				TARGETED_DEVICE_FAMILY = "1,2";
				TEST_HOST = "$(BUILT_PRODUCTS_DIR)/TradernetTestTask.app/$(BUNDLE_EXECUTABLE_FOLDER_PATH)/TradernetTestTask";
			};
			name = Debug;
		};
		7524999B2F54D338005FD2E0 /* Release */ = {
			isa = XCBuildConfiguration;
			buildSettings = {
				BUNDLE_LOADER = "$(TEST_HOST)";
				CODE_SIGN_STYLE = Automatic;
				CURRENT_PROJECT_VERSION = 1;
				GENERATE_INFOPLIST_FILE = YES;
				IPHONEOS_DEPLOYMENT_TARGET = 15.0;
				MARKETING_VERSION = 1.0;
				PRODUCT_BUNDLE_IDENTIFIER = com.yourcompany.TradernetTestTaskTests;
				PRODUCT_NAME = "$(TARGET_NAME)";
				SWIFT_EMIT_LOC_STRINGS = NO;
				SWIFT_VERSION = 5.0;
				TARGETED_DEVICE_FAMILY = "1,2";
				TEST_HOST = "$(BUILT_PRODUCTS_DIR)/TradernetTestTask.app/$(BUNDLE_EXECUTABLE_FOLDER_PATH)/TradernetTestTask";
			};
			name = Release;
		};
		7524999D2F54D338005FD2E0 /* Debug */ = {
			isa = XCBuildConfiguration;
			buildSettings = {
				CODE_SIGN_STYLE = Automatic;
				CURRENT_PROJECT_VERSION = 1;
				GENERATE_INFOPLIST_FILE = YES;
				MARKETING_VERSION = 1.0;
				PRODUCT_BUNDLE_IDENTIFIER = com.yourcompany.TradernetTestTaskUITests;
				PRODUCT_NAME = "$(TARGET_NAME)";
				SWIFT_EMIT_LOC_STRINGS = NO;
				SWIFT_VERSION = 5.0;
				TARGETED_DEVICE_FAMILY = "1,2";
				TEST_TARGET_NAME = TradernetTestTask;
			};
			name = Debug;
		};
		7524999E2F54D338005FD2E0 /* Release */ = {
			isa = XCBuildConfiguration;
			buildSettings = {
				CODE_SIGN_STYLE = Automatic;
				CURRENT_PROJECT_VERSION = 1;
				GENERATE_INFOPLIST_FILE = YES;
				MARKETING_VERSION = 1.0;
				PRODUCT_BUNDLE_IDENTIFIER = com.yourcompany.TradernetTestTaskUITests;
				PRODUCT_NAME = "$(TARGET_NAME)";
				SWIFT_EMIT_LOC_STRINGS = NO;
				SWIFT_VERSION = 5.0;
				TARGETED_DEVICE_FAMILY = "1,2";
				TEST_TARGET_NAME = TradernetTestTask;
			};
			name = Release;
		};
/* End XCBuildConfiguration section */

/* Begin XCConfigurationList section */
		752499662F54D335005FD2E0 /* Build configuration list for PBXProject "TradernetTestTask" */ = {
			isa = XCConfigurationList;
			buildConfigurations = (
				752499972F54D338005FD2E0 /* Debug */,
				752499982F54D338005FD2E0 /* Release */,
			);
			defaultConfigurationIsVisible = 0;
			defaultConfigurationName = Release;
		};
		752499942F54D338005FD2E0 /* Build configuration list for PBXNativeTarget "TradernetTestTask" */ = {
			isa = XCConfigurationList;
			buildConfigurations = (
				752499952F54D338005FD2E0 /* Debug */,
				752499962F54D338005FD2E0 /* Release */,
			);
			defaultConfigurationIsVisible = 0;
			defaultConfigurationName = Release;
		};
		752499992F54D338005FD2E0 /* Build configuration list for PBXNativeTarget "TradernetTestTaskTests" */ = {
			isa = XCConfigurationList;
			buildConfigurations = (
				7524999A2F54D338005FD2E0 /* Debug */,
				7524999B2F54D338005FD2E0 /* Release */,
			);
			defaultConfigurationIsVisible = 0;
			defaultConfigurationName = Release;
		};
		7524999C2F54D338005FD2E0 /* Build configuration list for PBXNativeTarget "TradernetTestTaskUITests" */ = {
			isa = XCConfigurationList;
			buildConfigurations = (
				7524999D2F54D338005FD2E0 /* Debug */,
				7524999E2F54D338005FD2E0 /* Release */,
			);
			defaultConfigurationIsVisible = 0;
			defaultConfigurationName = Release;
		};
/* End XCConfigurationList section */

/* Begin XCRemoteSwiftPackageReference section */
		7524999F2F54D405005FD2E0 /* XCRemoteSwiftPackageReference "SnapKit" */ = {
			isa = XCRemoteSwiftPackageReference;
			repositoryURL = "https://github.com/SnapKit/SnapKit";
			requirement = {
				kind = upToNextMajorVersion;
				minimumVersion = 5.7.1;
			};
		};
/* End XCRemoteSwiftPackageReference section */

/* Begin XCSwiftPackageProductDependency section */
		752499A02F54D405005FD2E0 /* SnapKit */ = {
			isa = XCSwiftPackageProductDependency;
			package = 7524999F2F54D405005FD2E0 /* XCRemoteSwiftPackageReference "SnapKit" */;
			productName = SnapKit;
		};
/* End XCSwiftPackageProductDependency section */
	};
	rootObject = 752499632F54D335005FD2E0 /* Project object */;
}
